
Microsoft Visual Studio Solution File, Format Version 12.00
# Visual Studio 14
VisualStudioVersion = 14.0.25420.1
MinimumVisualStudioVersion = 10.0.40219.1
Project("{FAE04EC0-301F-11D3-BF4B-00C04F79EFBC}") = "MVCMusicStore", "MVCMusicStore\MVCMusicStore.csproj", "{78A09E04-F4C6-4295-AADD-6C4C7461DA25}"
EndProject
Project("{FAE04EC0-301F-11D3-BF4B-00C04F79EFBC}") = "MVCMusicStore.Tests", "MVCMusicStore.Tests\MVCMusicStore.Tests.csproj", "{B4EFF4D8-84FF-4D90-9F53-47666F3793D3}"
EndProject
Global
	GlobalSection(SolutionConfigurationPlatforms) = preSolution
		Debug|Any CPU = Debug|Any CPU
		Release|Any CPU = Release|Any CPU
	EndGlobalSection
	GlobalSection(ProjectConfigurationPlatforms) = postSolution
		{78A09E04-F4C6-4295-AADD-6C4C7461DA25}.Debug|Any CPU.ActiveCfg = Debug|Any CPU
		{78A09E04-F4C6-4295-AADD-6C4C7461DA25}.Debug|Any CPU.Build.0 = Debug|Any CPU
		{78A09E04-F4C6-4295-AADD-6C4C7461DA25}.Release|Any CPU.ActiveCfg = Release|Any CPU
		{78A09E04-F4C6-4295-AADD-6C4C7461DA25}.Release|Any CPU.Build.0 = Release|Any CPU
		{B4EFF4D8-84FF-4D90-9F53-47666F3793D3}.Debug|Any CPU.ActiveCfg = Debug|Any CPU
		{B4EFF4D8-84FF-4D90-9F53-47666F3793D3}.Debug|Any CPU.Build.0 = Debug|Any CPU
		{B4EFF4D8-84FF-4D90-9F53-47666F3793D3}.Release|Any CPU.ActiveCfg = Release|Any CPU
		{B4EFF4D8-84FF-4D90-9F53-47666F3793D3}.Release|Any CPU.Build.0 = Release|Any CPU
	EndGlobalSection
	GlobalSection(SolutionProperties) = preSolution
		HideSolutionNode = FALSE
	EndGlobalSection
EndGlobal
